
Microsoft Visual Studio Solution File, Format Version 12.00
# Visual Studio 2013
VisualStudioVersion = 12.0.30501.0
MinimumVisualStudioVersion = 10.0.40219.1
Project("{FAE04EC0-301F-11D3-BF4B-00C04F79EFBC}") = "BlogApplication", "BlogApplication\BlogApplication.csproj", "{62566203-4FBC-434B-B79D-F303EEDDF9F7}"
EndProject
Project("{FAE04EC0-301F-11D3-BF4B-00C04F79EFBC}") = "ApplicationModel", "ApplicationModel\ApplicationModel.csproj", "{2ADB4617-258E-4D8E-9D4D-D8594A9DFCB6}"
EndProject
Global
	GlobalSection(SolutionConfigurationPlatforms) = preSolution
		Debug|Any CPU = Debug|Any CPU
		Release|Any CPU = Release|Any CPU
	EndGlobalSection
	GlobalSection(ProjectConfigurationPlatforms) = postSolution
		{62566203-4FBC-434B-B79D-F303EEDDF9F7}.Debug|Any CPU.ActiveCfg = Debug|Any CPU
		{62566203-4FBC-434B-B79D-F303EEDDF9F7}.Debug|Any CPU.Build.0 = Debug|Any CPU
		{62566203-4FBC-434B-B79D-F303EEDDF9F7}.Release|Any CPU.ActiveCfg = Release|Any CPU
		{62566203-4FBC-434B-B79D-F303EEDDF9F7}.Release|Any CPU.Build.0 = Release|Any CPU
		{2ADB4617-258E-4D8E-9D4D-D8594A9DFCB6}.Debug|Any CPU.ActiveCfg = Debug|Any CPU
		{2ADB4617-258E-4D8E-9D4D-D8594A9DFCB6}.Debug|Any CPU.Build.0 = Debug|Any CPU
		{2ADB4617-258E-4D8E-9D4D-D8594A9DFCB6}.Release|Any CPU.ActiveCfg = Release|Any CPU
		{2ADB4617-258E-4D8E-9D4D-D8594A9DFCB6}.Release|Any CPU.Build.0 = Release|Any CPU
	EndGlobalSection
	GlobalSection(SolutionProperties) = preSolution
		HideSolutionNode = FALSE
	EndGlobalSection
EndGlobal
